
Microsoft Visual Studio Solution File, Format Version 12.00
Project("{2150E333-8FDC-42A3-9474-1A3956D46DE8}") = "API", "API", "{AEBC6F22-D8CF-4C69-AEAE-4864EB23F140}"
EndProject
Project("{FAE04EC0-301F-11D3-BF4B-00C04F79EFBC}") = "API.Server", "API.Server\API.Server.csproj", "{B3127C3C-3461-4F7E-ADD8-C2B82BCBDAB4}"
EndProject
Project("{FAE04EC0-301F-11D3-BF4B-00C04F79EFBC}") = "API.BuildingBlocks", "API.BuildingBlocks\API.BuildingBlocks.csproj", "{2A3C054E-012B-4CFA-997A-122BD1B9AD3D}"
EndProject
Project("{FAE04EC0-301F-11D3-BF4B-00C04F79EFBC}") = "Shared", "Shared\Shared.csproj", "{864FB8C1-9813-434C-955D-69B0ACFD29AA}"
EndProject
Project("{FAE04EC0-301F-11D3-BF4B-00C04F79EFBC}") = "API.Shared", "API.Shared\API.Shared.csproj", "{25D48FB1-E5B2-41D9-89D2-BD5B84685AB9}"
EndProject
Project("{2150E333-8FDC-42A3-9474-1A3956D46DE8}") = "Modules", "Modules", "{6C309770-C45C-4DB2-BFEE-0FCBCD4A7444}"
EndProject
Project("{FAE04EC0-301F-11D3-BF4B-00C04F79EFBC}") = "API.Modules.Identity", "API.Modules.Identity\API.Modules.Identity.csproj", "{AC73B1EF-0B23-4BE2-BEAD-B49E540C2EBE}"
EndProject
Project("{FAE04EC0-301F-11D3-BF4B-00C04F79EFBC}") = "API.Modules.SharedKernel", "API.Modules.SharedKernel\API.Modules.SharedKernel.csproj", "{3D3C313A-4497-473E-8C32-C2746881EB4F}"
EndProject
Global
	GlobalSection(SolutionConfigurationPlatforms) = preSolution
		Debug|Any CPU = Debug|Any CPU
		Release|Any CPU = Release|Any CPU
	EndGlobalSection
	GlobalSection(NestedProjects) = preSolution
		{B3127C3C-3461-4F7E-ADD8-C2B82BCBDAB4} = {AEBC6F22-D8CF-4C69-AEAE-4864EB23F140}
		{2A3C054E-012B-4CFA-997A-122BD1B9AD3D} = {AEBC6F22-D8CF-4C69-AEAE-4864EB23F140}
		{25D48FB1-E5B2-41D9-89D2-BD5B84685AB9} = {AEBC6F22-D8CF-4C69-AEAE-4864EB23F140}
		{6C309770-C45C-4DB2-BFEE-0FCBCD4A7444} = {AEBC6F22-D8CF-4C69-AEAE-4864EB23F140}
		{AC73B1EF-0B23-4BE2-BEAD-B49E540C2EBE} = {6C309770-C45C-4DB2-BFEE-0FCBCD4A7444}
		{3D3C313A-4497-473E-8C32-C2746881EB4F} = {6C309770-C45C-4DB2-BFEE-0FCBCD4A7444}
	EndGlobalSection
	GlobalSection(ProjectConfigurationPlatforms) = postSolution
		{B3127C3C-3461-4F7E-ADD8-C2B82BCBDAB4}.Debug|Any CPU.ActiveCfg = Debug|Any CPU
		{B3127C3C-3461-4F7E-ADD8-C2B82BCBDAB4}.Debug|Any CPU.Build.0 = Debug|Any CPU
		{B3127C3C-3461-4F7E-ADD8-C2B82BCBDAB4}.Release|Any CPU.ActiveCfg = Release|Any CPU
		{B3127C3C-3461-4F7E-ADD8-C2B82BCBDAB4}.Release|Any CPU.Build.0 = Release|Any CPU
		{2A3C054E-012B-4CFA-997A-122BD1B9AD3D}.Debug|Any CPU.ActiveCfg = Debug|Any CPU
		{2A3C054E-012B-4CFA-997A-122BD1B9AD3D}.Debug|Any CPU.Build.0 = Debug|Any CPU
		{2A3C054E-012B-4CFA-997A-122BD1B9AD3D}.Release|Any CPU.ActiveCfg = Release|Any CPU
		{2A3C054E-012B-4CFA-997A-122BD1B9AD3D}.Release|Any CPU.Build.0 = Release|Any CPU
		{864FB8C1-9813-434C-955D-69B0ACFD29AA}.Debug|Any CPU.ActiveCfg = Debug|Any CPU
		{864FB8C1-9813-434C-955D-69B0ACFD29AA}.Debug|Any CPU.Build.0 = Debug|Any CPU
		{864FB8C1-9813-434C-955D-69B0ACFD29AA}.Release|Any CPU.ActiveCfg = Release|Any CPU
		{864FB8C1-9813-434C-955D-69B0ACFD29AA}.Release|Any CPU.Build.0 = Release|Any CPU
		{25D48FB1-E5B2-41D9-89D2-BD5B84685AB9}.Debug|Any CPU.ActiveCfg = Debug|Any CPU
		{25D48FB1-E5B2-41D9-89D2-BD5B84685AB9}.Debug|Any CPU.Build.0 = Debug|Any CPU
		{25D48FB1-E5B2-41D9-89D2-BD5B84685AB9}.Release|Any CPU.ActiveCfg = Release|Any CPU
		{25D48FB1-E5B2-41D9-89D2-BD5B84685AB9}.Release|Any CPU.Build.0 = Release|Any CPU
		{AC73B1EF-0B23-4BE2-BEAD-B49E540C2EBE}.Debug|Any CPU.ActiveCfg = Debug|Any CPU
		{AC73B1EF-0B23-4BE2-BEAD-B49E540C2EBE}.Debug|Any CPU.Build.0 = Debug|Any CPU
		{AC73B1EF-0B23-4BE2-BEAD-B49E540C2EBE}.Release|Any CPU.ActiveCfg = Release|Any CPU
		{AC73B1EF-0B23-4BE2-BEAD-B49E540C2EBE}.Release|Any CPU.Build.0 = Release|Any CPU
		{3D3C313A-4497-473E-8C32-C2746881EB4F}.Debug|Any CPU.ActiveCfg = Debug|Any CPU
		{3D3C313A-4497-473E-8C32-C2746881EB4F}.Debug|Any CPU.Build.0 = Debug|Any CPU
		{3D3C313A-4497-473E-8C32-C2746881EB4F}.Release|Any CPU.ActiveCfg = Release|Any CPU
		{3D3C313A-4497-473E-8C32-C2746881EB4F}.Release|Any CPU.Build.0 = Release|Any CPU
	EndGlobalSection
EndGlobal
